
Microsoft Visual Studio Solution File, Format Version 12.00
# Visual Studio Version 17
VisualStudioVersion = 17.12.35527.113
MinimumVisualStudioVersion = 10.0.40219.1
Project("{FAE04EC0-301F-11D3-BF4B-00C04F79EFBC}") = "DevSkill.Inventory.Web", "DevSkill.Inventory.Web\DevSkill.Inventory.Web.csproj", "{B95BA5C9-F4A1-45E6-8292-27B19F72AE88}"
EndProject
Project("{FAE04EC0-301F-11D3-BF4B-00C04F79EFBC}") = "DevSlkill.Inventory.Domain", "DevSlkill.Inventory.Domain\DevSlkill.Inventory.Domain.csproj", "{B11651E1-DC04-4556-86A1-2F364CDD43CD}"
EndProject
Project("{FAE04EC0-301F-11D3-BF4B-00C04F79EFBC}") = "DevSlkill.Inventory.Application", "DevSlkill.Inventory.Application\DevSlkill.Inventory.Application.csproj", "{5A4DEA3F-CC7A-4F5B-8D0A-2A08AE3305DF}"
EndProject
Project("{FAE04EC0-301F-11D3-BF4B-00C04F79EFBC}") = "DevSlkill.Inventory.Infrastructure", "DevSlkill.Inventory.Infrastructure\DevSlkill.Inventory.Infrastructure.csproj", "{5305B756-AA8C-4AEE-B7AA-B0363A4D867D}"
EndProject
Global
	GlobalSection(SolutionConfigurationPlatforms) = preSolution
		Debug|Any CPU = Debug|Any CPU
		Release|Any CPU = Release|Any CPU
	EndGlobalSection
	GlobalSection(ProjectConfigurationPlatforms) = postSolution
		{B95BA5C9-F4A1-45E6-8292-27B19F72AE88}.Debug|Any CPU.ActiveCfg = Debug|Any CPU
		{B95BA5C9-F4A1-45E6-8292-27B19F72AE88}.Debug|Any CPU.Build.0 = Debug|Any CPU
		{B95BA5C9-F4A1-45E6-8292-27B19F72AE88}.Release|Any CPU.ActiveCfg = Release|Any CPU
		{B95BA5C9-F4A1-45E6-8292-27B19F72AE88}.Release|Any CPU.Build.0 = Release|Any CPU
		{B11651E1-DC04-4556-86A1-2F364CDD43CD}.Debug|Any CPU.ActiveCfg = Debug|Any CPU
		{B11651E1-DC04-4556-86A1-2F364CDD43CD}.Debug|Any CPU.Build.0 = Debug|Any CPU
		{B11651E1-DC04-4556-86A1-2F364CDD43CD}.Release|Any CPU.ActiveCfg = Release|Any CPU
		{B11651E1-DC04-4556-86A1-2F364CDD43CD}.Release|Any CPU.Build.0 = Release|Any CPU
		{5A4DEA3F-CC7A-4F5B-8D0A-2A08AE3305DF}.Debug|Any CPU.ActiveCfg = Debug|Any CPU
		{5A4DEA3F-CC7A-4F5B-8D0A-2A08AE3305DF}.Debug|Any CPU.Build.0 = Debug|Any CPU
		{5A4DEA3F-CC7A-4F5B-8D0A-2A08AE3305DF}.Release|Any CPU.ActiveCfg = Release|Any CPU
		{5A4DEA3F-CC7A-4F5B-8D0A-2A08AE3305DF}.Release|Any CPU.Build.0 = Release|Any CPU
		{5305B756-AA8C-4AEE-B7AA-B0363A4D867D}.Debug|Any CPU.ActiveCfg = Debug|Any CPU
		{5305B756-AA8C-4AEE-B7AA-B0363A4D867D}.Debug|Any CPU.Build.0 = Debug|Any CPU
		{5305B756-AA8C-4AEE-B7AA-B0363A4D867D}.Release|Any CPU.ActiveCfg = Release|Any CPU
		{5305B756-AA8C-4AEE-B7AA-B0363A4D867D}.Release|Any CPU.Build.0 = Release|Any CPU
	EndGlobalSection
	GlobalSection(SolutionProperties) = preSolution
		HideSolutionNode = FALSE
	EndGlobalSection
	GlobalSection(ExtensibilityGlobals) = postSolution
		SolutionGuid = {A9AD53D8-31CB-401A-A297-56484ED25B93}
	EndGlobalSection
EndGlobal
